Microsoft Visual Studio Solution File, Format Version 11.00
# Visual Studio 2008

Project("{CDA96D8F-8425-E27C-F0DE-D5DD12E498D3}") = "FlappehBird", "Assembly-CSharp.csproj", "{3F0F3843-0C62-9BB6-07F9-3F585695BCA6}"
EndProject
Global
	GlobalSection(SolutionConfigurationPlatforms) = preSolution
		Debug|Any CPU = Debug|Any CPU
		Release|Any CPU = Release|Any CPU
	EndGlobalSection
	GlobalSection(ProjectConfigurationPlatforms) = postSolution
		{3F0F3843-0C62-9BB6-07F9-3F585695BCA6}.Debug|Any CPU.ActiveCfg = Debug|Any CPU
		{3F0F3843-0C62-9BB6-07F9-3F585695BCA6}.Debug|Any CPU.Build.0 = Debug|Any CPU
		{3F0F3843-0C62-9BB6-07F9-3F585695BCA6}.Release|Any CPU.ActiveCfg = Release|Any CPU
		{3F0F3843-0C62-9BB6-07F9-3F585695BCA6}.Release|Any CPU.Build.0 = Release|Any CPU
	EndGlobalSection
	GlobalSection(SolutionProperties) = preSolution
		HideSolutionNode = FALSE
	EndGlobalSection
	GlobalSection(MonoDevelopProperties) = preSolution
		StartupItem = Assembly-CSharp.csproj
		Policies = $0
		$0.TextStylePolicy = $1
		$1.inheritsSet = null
		$1.scope = text/x-csharp
		$0.CSharpFormattingPolicy = $2
		$2.inheritsSet = Mono
		$2.inheritsScope = text/x-csharp
		$2.scope = text/x-csharp
		$0.TextStylePolicy = $3
		$3.FileWidth = 120
		$3.TabWidth = 4
		$3.IndentWidth = 4
		$3.EolMarker = Unix
		$3.inheritsSet = Mono
		$3.inheritsScope = text/plain
		$3.scope = text/plain
	EndGlobalSection
EndGlobal
